{
    "name": "evr-websocket-client",
    "version": "0.3.1",
    "lockfileVersion": 2,
    "requires": true,
    "packages": {
        "": {
            "name": "evr-websocket-client",
            "version": "0.3.1",
            "license": "AGPL-3.0-or-later",
            "dependencies": {
                "rxjs": "^7.8.1"
            },
            "devDependencies": {
                "uglify-js": "^3.17.4"
            }
        },
        "node_modules/rxjs": {
            "version": "7.8.1",
            "resolved": "https://registry.npmjs.org/rxjs/-/rxjs-7.8.1.tgz",
            "integrity": "sha512-AA3TVj+0A2iuIoQkWEK/tqFjBq2j+6PO6Y0zJcvzLAFhEFIO3HL0vls9hWLncZbAAbK0mar7oZ4V079I/qPMxg==",
            "dependencies": {
                "tslib": "^2.1.0"
            }
        },
        "node_modules/tslib": {
            "version": "2.5.3",
            "resolved": "https://registry.npmjs.org/tslib/-/tslib-2.5.3.tgz",
            "integrity": "sha512-mSxlJJwl3BMEQCUNnxXBU9jP4JBktcEGhURcPR6VQVlnP0FdDEsIaz0C35dXNGLyRfrATNofF0F5p2KPxQgB+w=="
        },
        "node_modules/uglify-js": {
            "version": "3.17.4",
            "resolved": "https://registry.npmjs.org/uglify-js/-/uglify-js-3.17.4.tgz",
            "integrity": "sha512-T9q82TJI9e/C1TAxYvfb16xO120tMVFZrGA3f9/P4424DNu6ypK103y0GPFVa17yotwSyZW5iYXgjYHkGrJW/g==",
            "dev": true,
            "bin": {
                "uglifyjs": "bin/uglifyjs"
            },
            "engines": {
                "node": ">=0.8.0"
            }
        }
    },
    "dependencies": {
        "rxjs": {
            "version": "7.8.1",
            "resolved": "https://registry.npmjs.org/rxjs/-/rxjs-7.8.1.tgz",
            "integrity": "sha512-AA3TVj+0A2iuIoQkWEK/tqFjBq2j+6PO6Y0zJcvzLAFhEFIO3HL0vls9hWLncZbAAbK0mar7oZ4V079I/qPMxg==",
            "requires": {
                "tslib": "^2.1.0"
            }
        },
        "tslib": {
            "version": "2.5.3",
            "resolved": "https://registry.npmjs.org/tslib/-/tslib-2.5.3.tgz",
            "integrity": "sha512-mSxlJJwl3BMEQCUNnxXBU9jP4JBktcEGhURcPR6VQVlnP0FdDEsIaz0C35dXNGLyRfrATNofF0F5p2KPxQgB+w=="
        },
        "uglify-js": {
            "version": "3.17.4",
            "resolved": "https://registry.npmjs.org/uglify-js/-/uglify-js-3.17.4.tgz",
            "integrity": "sha512-T9q82TJI9e/C1TAxYvfb16xO120tMVFZrGA3f9/P4424DNu6ypK103y0GPFVa17yotwSyZW5iYXgjYHkGrJW/g==",
            "dev": true
        }
    }
}
